
Microsoft Visual Studio Solution File, Format Version 12.00
# Visual Studio 15
VisualStudioVersion = 15.0.28307.705
MinimumVisualStudioVersion = 10.0.40219.1
Project("{FAE04EC0-301F-11D3-BF4B-00C04F79EFBC}") = "E9U.Tangello.Private", "E9U.Tangello.Private\E9U.Tangello.Private.csproj", "{1E30D318-C686-4FEC-B4AE-73053B67E6BA}"
EndProject
Global
	GlobalSection(SolutionConfigurationPlatforms) = preSolution
		Debug|Any CPU = Debug|Any CPU
		Release|Any CPU = Release|Any CPU
	EndGlobalSection
	GlobalSection(ProjectConfigurationPlatforms) = postSolution
		{1E30D318-C686-4FEC-B4AE-73053B67E6BA}.Debug|Any CPU.ActiveCfg = Debug|Any CPU
		{1E30D318-C686-4FEC-B4AE-73053B67E6BA}.Debug|Any CPU.Build.0 = Debug|Any CPU
		{1E30D318-C686-4FEC-B4AE-73053B67E6BA}.Release|Any CPU.ActiveCfg = Release|Any CPU
		{1E30D318-C686-4FEC-B4AE-73053B67E6BA}.Release|Any CPU.Build.0 = Release|Any CPU
	EndGlobalSection
	GlobalSection(SolutionProperties) = preSolution
		HideSolutionNode = FALSE
	EndGlobalSection
	GlobalSection(ExtensibilityGlobals) = postSolution
		SolutionGuid = {B2392CE1-BFE7-4D61-BDD8-AEB41CB76A14}
	EndGlobalSection
EndGlobal
